<?xml version="1.0" encoding="utf-8"?>
<Project ToolsVersion="4.0" xmlns="http://schemas.microsoft.com/developer/msbuild/2003">
  <ItemGroup>
    <CudaCompile Include="vulkanImageCUDA.cu" />
  </ItemGroup>
  <ItemGroup>
    <ClInclude Include="linmath.h" />
    <ClInclude Include="ValkanCudaApp.h" />
    <ClInclude Include="WindowsSecurityAttributes.h" />
  </ItemGroup>
  <ItemGroup>
    <Filter Include="Shader">
      <UniqueIdentifier>{58e5a351-9f75-40c2-b7bd-4073cae9630e}</UniqueIdentifier>
    </Filter>
  </ItemGroup>
  <ItemGroup>
    <None Include="shader.frag">
      <Filter>Shader</Filter>
    </None>
    <None Include="shader.vert">
      <Filter>Shader</Filter>
    </None>
  </ItemGroup>
  <ItemGroup>
    <ClCompile Include="main.cpp" />
    <ClCompile Include="ValkanCudaApp.cpp" />
  </ItemGroup>
</Project>